
Microsoft Visual Studio Solution File, Format Version 12.00
Project("{2150E333-8FDC-42A3-9474-1A3956D46DE8}") = "BookingService", "BookingService", "{2DB255A5-0D11-46D7-AD2F-300FBCEF1BC0}"
EndProject
Project("{2150E333-8FDC-42A3-9474-1A3956D46DE8}") = "PaymentService", "PaymentService", "{EBFB0384-5A0B-4283-B52E-9D7B7A7A43B7}"
EndProject
Project("{2150E333-8FDC-42A3-9474-1A3956D46DE8}") = "Adapters", "Adapters", "{BDFF1D35-7B95-4B7B-9936-AA48C889A8E1}"
EndProject
Project("{2150E333-8FDC-42A3-9474-1A3956D46DE8}") = "Consumers", "Consumers", "{CEFE7D39-79BC-4ABB-ADB6-74B597DDF80C}"
EndProject
Project("{2150E333-8FDC-42A3-9474-1A3956D46DE8}") = "Core", "Core", "{9EA3C948-5C7E-4FC0-BF47-D0E2BC25D1EE}"
EndProject
Project("{2150E333-8FDC-42A3-9474-1A3956D46DE8}") = "Application", "Application", "{B09DAB39-0FA9-4FEA-9E49-A32C7D914501}"
EndProject
Project("{2150E333-8FDC-42A3-9474-1A3956D46DE8}") = "Domain", "Domain", "{83E6CFF9-31A1-4D3B-9BF3-461B59368AA8}"
EndProject
Project("{2150E333-8FDC-42A3-9474-1A3956D46DE8}") = "Tests", "Tests", "{8C4E101B-4398-4C59-BD2B-40550972BB46}"
EndProject
Project("{2150E333-8FDC-42A3-9474-1A3956D46DE8}") = "Adapters", "Adapters", "{582D20AA-43A1-430B-9DE5-8713FDE12E13}"
EndProject
Project("{2150E333-8FDC-42A3-9474-1A3956D46DE8}") = "Application", "Application", "{47644FB4-5D4C-433D-A4ED-EACCB728B1BC}"
EndProject
Project("{2150E333-8FDC-42A3-9474-1A3956D46DE8}") = "Domain", "Domain", "{D260550F-91CF-47E1-8E90-E7D387E271C8}"
EndProject
Project("{FAE04EC0-301F-11D3-BF4B-00C04F79EFBC}") = "Data", "BookingService\Adapters\Data\Data.csproj", "{0C1DE772-BDCA-4DDD-9A0C-C737E2F571B9}"
EndProject
Project("{FAE04EC0-301F-11D3-BF4B-00C04F79EFBC}") = "API", "BookingService\Consumers\API\API.csproj", "{FF1C850E-2CE6-4444-A212-2D317C6FC2A1}"
EndProject
Project("{FAE04EC0-301F-11D3-BF4B-00C04F79EFBC}") = "Application", "BookingService\Core\Application\Application\Application.csproj", "{A0F7C767-D88B-4C94-BE47-FEE74432696C}"
EndProject
Project("{FAE04EC0-301F-11D3-BF4B-00C04F79EFBC}") = "Domain", "BookingService\Core\Domain\Domain\Domain.csproj", "{DC818C36-98E5-4E78-8763-F7374AE7ED73}"
EndProject
Project("{FAE04EC0-301F-11D3-BF4B-00C04F79EFBC}") = "AdaptersTests", "BookingService\Tests\Adapters\AdaptersTests\AdaptersTests.csproj", "{ACFB40B9-3C86-4DA8-8FB3-CCD419A0F36F}"
EndProject
Project("{FAE04EC0-301F-11D3-BF4B-00C04F79EFBC}") = "ApplicationTests", "BookingService\Tests\Application\ApplicationTests\ApplicationTests.csproj", "{C200DC0C-F729-49AC-ADE7-F411ADDC4F18}"
EndProject
Project("{FAE04EC0-301F-11D3-BF4B-00C04F79EFBC}") = "DomainTests", "BookingService\Tests\Domain\DomainTests\DomainTests.csproj", "{9E1B60F3-C6EE-4119-952B-5D40ED25A577}"
EndProject
Global
	GlobalSection(SolutionConfigurationPlatforms) = preSolution
		Debug|Any CPU = Debug|Any CPU
		Release|Any CPU = Release|Any CPU
	EndGlobalSection
	GlobalSection(NestedProjects) = preSolution
		{BDFF1D35-7B95-4B7B-9936-AA48C889A8E1} = {2DB255A5-0D11-46D7-AD2F-300FBCEF1BC0}
		{CEFE7D39-79BC-4ABB-ADB6-74B597DDF80C} = {2DB255A5-0D11-46D7-AD2F-300FBCEF1BC0}
		{9EA3C948-5C7E-4FC0-BF47-D0E2BC25D1EE} = {2DB255A5-0D11-46D7-AD2F-300FBCEF1BC0}
		{B09DAB39-0FA9-4FEA-9E49-A32C7D914501} = {9EA3C948-5C7E-4FC0-BF47-D0E2BC25D1EE}
		{83E6CFF9-31A1-4D3B-9BF3-461B59368AA8} = {9EA3C948-5C7E-4FC0-BF47-D0E2BC25D1EE}
		{8C4E101B-4398-4C59-BD2B-40550972BB46} = {2DB255A5-0D11-46D7-AD2F-300FBCEF1BC0}
		{582D20AA-43A1-430B-9DE5-8713FDE12E13} = {8C4E101B-4398-4C59-BD2B-40550972BB46}
		{47644FB4-5D4C-433D-A4ED-EACCB728B1BC} = {8C4E101B-4398-4C59-BD2B-40550972BB46}
		{D260550F-91CF-47E1-8E90-E7D387E271C8} = {8C4E101B-4398-4C59-BD2B-40550972BB46}
		{0C1DE772-BDCA-4DDD-9A0C-C737E2F571B9} = {BDFF1D35-7B95-4B7B-9936-AA48C889A8E1}
		{FF1C850E-2CE6-4444-A212-2D317C6FC2A1} = {CEFE7D39-79BC-4ABB-ADB6-74B597DDF80C}
		{A0F7C767-D88B-4C94-BE47-FEE74432696C} = {B09DAB39-0FA9-4FEA-9E49-A32C7D914501}
		{DC818C36-98E5-4E78-8763-F7374AE7ED73} = {83E6CFF9-31A1-4D3B-9BF3-461B59368AA8}
		{ACFB40B9-3C86-4DA8-8FB3-CCD419A0F36F} = {582D20AA-43A1-430B-9DE5-8713FDE12E13}
		{C200DC0C-F729-49AC-ADE7-F411ADDC4F18} = {47644FB4-5D4C-433D-A4ED-EACCB728B1BC}
		{9E1B60F3-C6EE-4119-952B-5D40ED25A577} = {D260550F-91CF-47E1-8E90-E7D387E271C8}
	EndGlobalSection
	GlobalSection(ProjectConfigurationPlatforms) = postSolution
		{0C1DE772-BDCA-4DDD-9A0C-C737E2F571B9}.Debug|Any CPU.ActiveCfg = Debug|Any CPU
		{0C1DE772-BDCA-4DDD-9A0C-C737E2F571B9}.Debug|Any CPU.Build.0 = Debug|Any CPU
		{0C1DE772-BDCA-4DDD-9A0C-C737E2F571B9}.Release|Any CPU.ActiveCfg = Release|Any CPU
		{0C1DE772-BDCA-4DDD-9A0C-C737E2F571B9}.Release|Any CPU.Build.0 = Release|Any CPU
		{FF1C850E-2CE6-4444-A212-2D317C6FC2A1}.Debug|Any CPU.ActiveCfg = Debug|Any CPU
		{FF1C850E-2CE6-4444-A212-2D317C6FC2A1}.Debug|Any CPU.Build.0 = Debug|Any CPU
		{FF1C850E-2CE6-4444-A212-2D317C6FC2A1}.Release|Any CPU.ActiveCfg = Release|Any CPU
		{FF1C850E-2CE6-4444-A212-2D317C6FC2A1}.Release|Any CPU.Build.0 = Release|Any CPU
		{A0F7C767-D88B-4C94-BE47-FEE74432696C}.Debug|Any CPU.ActiveCfg = Debug|Any CPU
		{A0F7C767-D88B-4C94-BE47-FEE74432696C}.Debug|Any CPU.Build.0 = Debug|Any CPU
		{A0F7C767-D88B-4C94-BE47-FEE74432696C}.Release|Any CPU.ActiveCfg = Release|Any CPU
		{A0F7C767-D88B-4C94-BE47-FEE74432696C}.Release|Any CPU.Build.0 = Release|Any CPU
		{DC818C36-98E5-4E78-8763-F7374AE7ED73}.Debug|Any CPU.ActiveCfg = Debug|Any CPU
		{DC818C36-98E5-4E78-8763-F7374AE7ED73}.Debug|Any CPU.Build.0 = Debug|Any CPU
		{DC818C36-98E5-4E78-8763-F7374AE7ED73}.Release|Any CPU.ActiveCfg = Release|Any CPU
		{DC818C36-98E5-4E78-8763-F7374AE7ED73}.Release|Any CPU.Build.0 = Release|Any CPU
		{ACFB40B9-3C86-4DA8-8FB3-CCD419A0F36F}.Debug|Any CPU.ActiveCfg = Debug|Any CPU
		{ACFB40B9-3C86-4DA8-8FB3-CCD419A0F36F}.Debug|Any CPU.Build.0 = Debug|Any CPU
		{ACFB40B9-3C86-4DA8-8FB3-CCD419A0F36F}.Release|Any CPU.ActiveCfg = Release|Any CPU
		{ACFB40B9-3C86-4DA8-8FB3-CCD419A0F36F}.Release|Any CPU.Build.0 = Release|Any CPU
		{C200DC0C-F729-49AC-ADE7-F411ADDC4F18}.Debug|Any CPU.ActiveCfg = Debug|Any CPU
		{C200DC0C-F729-49AC-ADE7-F411ADDC4F18}.Debug|Any CPU.Build.0 = Debug|Any CPU
		{C200DC0C-F729-49AC-ADE7-F411ADDC4F18}.Release|Any CPU.ActiveCfg = Release|Any CPU
		{C200DC0C-F729-49AC-ADE7-F411ADDC4F18}.Release|Any CPU.Build.0 = Release|Any CPU
		{9E1B60F3-C6EE-4119-952B-5D40ED25A577}.Debug|Any CPU.ActiveCfg = Debug|Any CPU
		{9E1B60F3-C6EE-4119-952B-5D40ED25A577}.Debug|Any CPU.Build.0 = Debug|Any CPU
		{9E1B60F3-C6EE-4119-952B-5D40ED25A577}.Release|Any CPU.ActiveCfg = Release|Any CPU
		{9E1B60F3-C6EE-4119-952B-5D40ED25A577}.Release|Any CPU.Build.0 = Release|Any CPU
	EndGlobalSection
EndGlobal
